
Microsoft Visual Studio Solution File, Format Version 12.00
# Visual Studio Version 16
VisualStudioVersion = 16.0.30907.101
MinimumVisualStudioVersion = 15.0.26124.0
Project("{9A19103F-16F7-4668-BE54-9A1E7A4F7556}") = "ThinkKore.API", "ThinkKore.API\ThinkKore.API.csproj", "{612BD064-F00A-4EBB-815D-8B126EE127BE}"
EndProject
Project("{FAE04EC0-301F-11D3-BF4B-00C04F79EFBC}") = "ThinKore.Application", "ThinKore.Application\ThinKore.Application.csproj", "{7CEBF0A5-0208-4777-AB0E-4BF913013E2A}"
EndProject
Project("{FAE04EC0-301F-11D3-BF4B-00C04F79EFBC}") = "ThinKore.Domain", "ThinKore.Domain\ThinKore.Domain.csproj", "{DEFA5D1F-59B4-426F-A66C-119764E5CA07}"
EndProject
Project("{FAE04EC0-301F-11D3-BF4B-00C04F79EFBC}") = "ThinKore.Infrastructure", "ThinKore.Infrastructure\ThinKore.Infrastructure.csproj", "{E6BEF63C-83AF-48CA-8220-6327AD50ABE1}"
EndProject
Project("{FAE04EC0-301F-11D3-BF4B-00C04F79EFBC}") = "ThinKore.DAL.SqlServer", "ThinKore.Persistence.SqlServer\ThinKore.DAL.SqlServer.csproj", "{FCB76875-813D-42E9-B669-5DC9FF9797D5}"
EndProject
Project("{FAE04EC0-301F-11D3-BF4B-00C04F79EFBC}") = "ThinKore.DAL.MySql", "ThinKore.Persistence.MySql\ThinKore.DAL.MySql.csproj", "{92CFF2A5-322A-4407-8C57-354C930194AA}"
EndProject
Project("{FAE04EC0-301F-11D3-BF4B-00C04F79EFBC}") = "ThinKore.History.DAL.SqlServer", "ThinKore.History.DAL.SqlServer\ThinKore.History.DAL.SqlServer.csproj", "{89AC1EE9-BFDC-4CE5-BD96-225475EBDB06}"
EndProject
Project("{FAE04EC0-301F-11D3-BF4B-00C04F79EFBC}") = "ThinKore.History.DAL.MySql", "ThinKore.History.DAL.MySql\ThinKore.History.DAL.MySql.csproj", "{C0A9E102-5975-43BA-B3EF-99166ED42712}"
EndProject
Project("{FAE04EC0-301F-11D3-BF4B-00C04F79EFBC}") = "ThinKore.Identity.DAL.SqlServer", "ThinKore.Identity.DAL.SqlServer\ThinKore.Identity.DAL.SqlServer.csproj", "{E5ACEF7C-825D-4863-B9C6-A71B6F3E2B00}"
EndProject
Project("{FAE04EC0-301F-11D3-BF4B-00C04F79EFBC}") = "ThinKore.Identity.DAL.MySql", "ThinKore.Identity.MySql\ThinKore.Identity.DAL.MySql.csproj", "{9D718B69-129D-40A0-9737-996C5902A847}"
EndProject
Project("{9A19103F-16F7-4668-BE54-9A1E7A4F7556}") = "MySQL.Scaffold", "MySQL.Scaffold\MySQL.Scaffold.csproj", "{678BE6B7-23BB-4A85-87FC-2F36DD8BFDD4}"
EndProject
Global
	GlobalSection(SolutionConfigurationPlatforms) = preSolution
		Debug|Any CPU = Debug|Any CPU
		Debug|x64 = Debug|x64
		Debug|x86 = Debug|x86
		Release|Any CPU = Release|Any CPU
		Release|x64 = Release|x64
		Release|x86 = Release|x86
	EndGlobalSection
	GlobalSection(ProjectConfigurationPlatforms) = postSolution
		{612BD064-F00A-4EBB-815D-8B126EE127BE}.Debug|Any CPU.ActiveCfg = Debug|Any CPU
		{612BD064-F00A-4EBB-815D-8B126EE127BE}.Debug|Any CPU.Build.0 = Debug|Any CPU
		{612BD064-F00A-4EBB-815D-8B126EE127BE}.Debug|x64.ActiveCfg = Debug|Any CPU
		{612BD064-F00A-4EBB-815D-8B126EE127BE}.Debug|x64.Build.0 = Debug|Any CPU
		{612BD064-F00A-4EBB-815D-8B126EE127BE}.Debug|x86.ActiveCfg = Debug|Any CPU
		{612BD064-F00A-4EBB-815D-8B126EE127BE}.Debug|x86.Build.0 = Debug|Any CPU
		{612BD064-F00A-4EBB-815D-8B126EE127BE}.Release|Any CPU.ActiveCfg = Release|Any CPU
		{612BD064-F00A-4EBB-815D-8B126EE127BE}.Release|Any CPU.Build.0 = Release|Any CPU
		{612BD064-F00A-4EBB-815D-8B126EE127BE}.Release|x64.ActiveCfg = Release|Any CPU
		{612BD064-F00A-4EBB-815D-8B126EE127BE}.Release|x64.Build.0 = Release|Any CPU
		{612BD064-F00A-4EBB-815D-8B126EE127BE}.Release|x86.ActiveCfg = Release|Any CPU
		{612BD064-F00A-4EBB-815D-8B126EE127BE}.Release|x86.Build.0 = Release|Any CPU
		{7CEBF0A5-0208-4777-AB0E-4BF913013E2A}.Debug|Any CPU.ActiveCfg = Debug|Any CPU
		{7CEBF0A5-0208-4777-AB0E-4BF913013E2A}.Debug|Any CPU.Build.0 = Debug|Any CPU
		{7CEBF0A5-0208-4777-AB0E-4BF913013E2A}.Debug|x64.ActiveCfg = Debug|Any CPU
		{7CEBF0A5-0208-4777-AB0E-4BF913013E2A}.Debug|x64.Build.0 = Debug|Any CPU
		{7CEBF0A5-0208-4777-AB0E-4BF913013E2A}.Debug|x86.ActiveCfg = Debug|Any CPU
		{7CEBF0A5-0208-4777-AB0E-4BF913013E2A}.Debug|x86.Build.0 = Debug|Any CPU
		{7CEBF0A5-0208-4777-AB0E-4BF913013E2A}.Release|Any CPU.ActiveCfg = Release|Any CPU
		{7CEBF0A5-0208-4777-AB0E-4BF913013E2A}.Release|Any CPU.Build.0 = Release|Any CPU
		{7CEBF0A5-0208-4777-AB0E-4BF913013E2A}.Release|x64.ActiveCfg = Release|Any CPU
		{7CEBF0A5-0208-4777-AB0E-4BF913013E2A}.Release|x64.Build.0 = Release|Any CPU
		{7CEBF0A5-0208-4777-AB0E-4BF913013E2A}.Release|x86.ActiveCfg = Release|Any CPU
		{7CEBF0A5-0208-4777-AB0E-4BF913013E2A}.Release|x86.Build.0 = Release|Any CPU
		{DEFA5D1F-59B4-426F-A66C-119764E5CA07}.Debug|Any CPU.ActiveCfg = Debug|Any CPU
		{DEFA5D1F-59B4-426F-A66C-119764E5CA07}.Debug|Any CPU.Build.0 = Debug|Any CPU
		{DEFA5D1F-59B4-426F-A66C-119764E5CA07}.Debug|x64.ActiveCfg = Debug|Any CPU
		{DEFA5D1F-59B4-426F-A66C-119764E5CA07}.Debug|x64.Build.0 = Debug|Any CPU
		{DEFA5D1F-59B4-426F-A66C-119764E5CA07}.Debug|x86.ActiveCfg = Debug|Any CPU
		{DEFA5D1F-59B4-426F-A66C-119764E5CA07}.Debug|x86.Build.0 = Debug|Any CPU
		{DEFA5D1F-59B4-426F-A66C-119764E5CA07}.Release|Any CPU.ActiveCfg = Release|Any CPU
		{DEFA5D1F-59B4-426F-A66C-119764E5CA07}.Release|Any CPU.Build.0 = Release|Any CPU
		{DEFA5D1F-59B4-426F-A66C-119764E5CA07}.Release|x64.ActiveCfg = Release|Any CPU
		{DEFA5D1F-59B4-426F-A66C-119764E5CA07}.Release|x64.Build.0 = Release|Any CPU
		{DEFA5D1F-59B4-426F-A66C-119764E5CA07}.Release|x86.ActiveCfg = Release|Any CPU
		{DEFA5D1F-59B4-426F-A66C-119764E5CA07}.Release|x86.Build.0 = Release|Any CPU
		{E6BEF63C-83AF-48CA-8220-6327AD50ABE1}.Debug|Any CPU.ActiveCfg = Debug|Any CPU
		{E6BEF63C-83AF-48CA-8220-6327AD50ABE1}.Debug|Any CPU.Build.0 = Debug|Any CPU
		{E6BEF63C-83AF-48CA-8220-6327AD50ABE1}.Debug|x64.ActiveCfg = Debug|Any CPU
		{E6BEF63C-83AF-48CA-8220-6327AD50ABE1}.Debug|x64.Build.0 = Debug|Any CPU
		{E6BEF63C-83AF-48CA-8220-6327AD50ABE1}.Debug|x86.ActiveCfg = Debug|Any CPU
		{E6BEF63C-83AF-48CA-8220-6327AD50ABE1}.Debug|x86.Build.0 = Debug|Any CPU
		{E6BEF63C-83AF-48CA-8220-6327AD50ABE1}.Release|Any CPU.ActiveCfg = Release|Any CPU
		{E6BEF63C-83AF-48CA-8220-6327AD50ABE1}.Release|Any CPU.Build.0 = Release|Any CPU
		{E6BEF63C-83AF-48CA-8220-6327AD50ABE1}.Release|x64.ActiveCfg = Release|Any CPU
		{E6BEF63C-83AF-48CA-8220-6327AD50ABE1}.Release|x64.Build.0 = Release|Any CPU
		{E6BEF63C-83AF-48CA-8220-6327AD50ABE1}.Release|x86.ActiveCfg = Release|Any CPU
		{E6BEF63C-83AF-48CA-8220-6327AD50ABE1}.Release|x86.Build.0 = Release|Any CPU
		{FCB76875-813D-42E9-B669-5DC9FF9797D5}.Debug|Any CPU.ActiveCfg = Debug|Any CPU
		{FCB76875-813D-42E9-B669-5DC9FF9797D5}.Debug|Any CPU.Build.0 = Debug|Any CPU
		{FCB76875-813D-42E9-B669-5DC9FF9797D5}.Debug|x64.ActiveCfg = Debug|Any CPU
		{FCB76875-813D-42E9-B669-5DC9FF9797D5}.Debug|x64.Build.0 = Debug|Any CPU
		{FCB76875-813D-42E9-B669-5DC9FF9797D5}.Debug|x86.ActiveCfg = Debug|Any CPU
		{FCB76875-813D-42E9-B669-5DC9FF9797D5}.Debug|x86.Build.0 = Debug|Any CPU
		{FCB76875-813D-42E9-B669-5DC9FF9797D5}.Release|Any CPU.ActiveCfg = Release|Any CPU
		{FCB76875-813D-42E9-B669-5DC9FF9797D5}.Release|Any CPU.Build.0 = Release|Any CPU
		{FCB76875-813D-42E9-B669-5DC9FF9797D5}.Release|x64.ActiveCfg = Release|Any CPU
		{FCB76875-813D-42E9-B669-5DC9FF9797D5}.Release|x64.Build.0 = Release|Any CPU
		{FCB76875-813D-42E9-B669-5DC9FF9797D5}.Release|x86.ActiveCfg = Release|Any CPU
		{FCB76875-813D-42E9-B669-5DC9FF9797D5}.Release|x86.Build.0 = Release|Any CPU
		{92CFF2A5-322A-4407-8C57-354C930194AA}.Debug|Any CPU.ActiveCfg = Debug|Any CPU
		{92CFF2A5-322A-4407-8C57-354C930194AA}.Debug|Any CPU.Build.0 = Debug|Any CPU
		{92CFF2A5-322A-4407-8C57-354C930194AA}.Debug|x64.ActiveCfg = Debug|Any CPU
		{92CFF2A5-322A-4407-8C57-354C930194AA}.Debug|x64.Build.0 = Debug|Any CPU
		{92CFF2A5-322A-4407-8C57-354C930194AA}.Debug|x86.ActiveCfg = Debug|Any CPU
		{92CFF2A5-322A-4407-8C57-354C930194AA}.Debug|x86.Build.0 = Debug|Any CPU
		{92CFF2A5-322A-4407-8C57-354C930194AA}.Release|Any CPU.ActiveCfg = Release|Any CPU
		{92CFF2A5-322A-4407-8C57-354C930194AA}.Release|Any CPU.Build.0 = Release|Any CPU
		{92CFF2A5-322A-4407-8C57-354C930194AA}.Release|x64.ActiveCfg = Release|Any CPU
		{92CFF2A5-322A-4407-8C57-354C930194AA}.Release|x64.Build.0 = Release|Any CPU
		{92CFF2A5-322A-4407-8C57-354C930194AA}.Release|x86.ActiveCfg = Release|Any CPU
		{92CFF2A5-322A-4407-8C57-354C930194AA}.Release|x86.Build.0 = Release|Any CPU
		{89AC1EE9-BFDC-4CE5-BD96-225475EBDB06}.Debug|Any CPU.ActiveCfg = Debug|Any CPU
		{89AC1EE9-BFDC-4CE5-BD96-225475EBDB06}.Debug|Any CPU.Build.0 = Debug|Any CPU
		{89AC1EE9-BFDC-4CE5-BD96-225475EBDB06}.Debug|x64.ActiveCfg = Debug|Any CPU
		{89AC1EE9-BFDC-4CE5-BD96-225475EBDB06}.Debug|x64.Build.0 = Debug|Any CPU
		{89AC1EE9-BFDC-4CE5-BD96-225475EBDB06}.Debug|x86.ActiveCfg = Debug|Any CPU
		{89AC1EE9-BFDC-4CE5-BD96-225475EBDB06}.Debug|x86.Build.0 = Debug|Any CPU
		{89AC1EE9-BFDC-4CE5-BD96-225475EBDB06}.Release|Any CPU.ActiveCfg = Release|Any CPU
		{89AC1EE9-BFDC-4CE5-BD96-225475EBDB06}.Release|Any CPU.Build.0 = Release|Any CPU
		{89AC1EE9-BFDC-4CE5-BD96-225475EBDB06}.Release|x64.ActiveCfg = Release|Any CPU
		{89AC1EE9-BFDC-4CE5-BD96-225475EBDB06}.Release|x64.Build.0 = Release|Any CPU
		{89AC1EE9-BFDC-4CE5-BD96-225475EBDB06}.Release|x86.ActiveCfg = Release|Any CPU
		{89AC1EE9-BFDC-4CE5-BD96-225475EBDB06}.Release|x86.Build.0 = Release|Any CPU
		{C0A9E102-5975-43BA-B3EF-99166ED42712}.Debug|Any CPU.ActiveCfg = Debug|Any CPU
		{C0A9E102-5975-43BA-B3EF-99166ED42712}.Debug|Any CPU.Build.0 = Debug|Any CPU
		{C0A9E102-5975-43BA-B3EF-99166ED42712}.Debug|x64.ActiveCfg = Debug|Any CPU
		{C0A9E102-5975-43BA-B3EF-99166ED42712}.Debug|x64.Build.0 = Debug|Any CPU
		{C0A9E102-5975-43BA-B3EF-99166ED42712}.Debug|x86.ActiveCfg = Debug|Any CPU
		{C0A9E102-5975-43BA-B3EF-99166ED42712}.Debug|x86.Build.0 = Debug|Any CPU
		{C0A9E102-5975-43BA-B3EF-99166ED42712}.Release|Any CPU.ActiveCfg = Release|Any CPU
		{C0A9E102-5975-43BA-B3EF-99166ED42712}.Release|Any CPU.Build.0 = Release|Any CPU
		{C0A9E102-5975-43BA-B3EF-99166ED42712}.Release|x64.ActiveCfg = Release|Any CPU
		{C0A9E102-5975-43BA-B3EF-99166ED42712}.Release|x64.Build.0 = Release|Any CPU
		{C0A9E102-5975-43BA-B3EF-99166ED42712}.Release|x86.ActiveCfg = Release|Any CPU
		{C0A9E102-5975-43BA-B3EF-99166ED42712}.Release|x86.Build.0 = Release|Any CPU
		{E5ACEF7C-825D-4863-B9C6-A71B6F3E2B00}.Debug|Any CPU.ActiveCfg = Debug|Any CPU
		{E5ACEF7C-825D-4863-B9C6-A71B6F3E2B00}.Debug|Any CPU.Build.0 = Debug|Any CPU
		{E5ACEF7C-825D-4863-B9C6-A71B6F3E2B00}.Debug|x64.ActiveCfg = Debug|Any CPU
		{E5ACEF7C-825D-4863-B9C6-A71B6F3E2B00}.Debug|x64.Build.0 = Debug|Any CPU
		{E5ACEF7C-825D-4863-B9C6-A71B6F3E2B00}.Debug|x86.ActiveCfg = Debug|Any CPU
		{E5ACEF7C-825D-4863-B9C6-A71B6F3E2B00}.Debug|x86.Build.0 = Debug|Any CPU
		{E5ACEF7C-825D-4863-B9C6-A71B6F3E2B00}.Release|Any CPU.ActiveCfg = Release|Any CPU
		{E5ACEF7C-825D-4863-B9C6-A71B6F3E2B00}.Release|Any CPU.Build.0 = Release|Any CPU
		{E5ACEF7C-825D-4863-B9C6-A71B6F3E2B00}.Release|x64.ActiveCfg = Release|Any CPU
		{E5ACEF7C-825D-4863-B9C6-A71B6F3E2B00}.Release|x64.Build.0 = Release|Any CPU
		{E5ACEF7C-825D-4863-B9C6-A71B6F3E2B00}.Release|x86.ActiveCfg = Release|Any CPU
		{E5ACEF7C-825D-4863-B9C6-A71B6F3E2B00}.Release|x86.Build.0 = Release|Any CPU
		{9D718B69-129D-40A0-9737-996C5902A847}.Debug|Any CPU.ActiveCfg = Debug|Any CPU
		{9D718B69-129D-40A0-9737-996C5902A847}.Debug|Any CPU.Build.0 = Debug|Any CPU
		{9D718B69-129D-40A0-9737-996C5902A847}.Debug|x64.ActiveCfg = Debug|Any CPU
		{9D718B69-129D-40A0-9737-996C5902A847}.Debug|x64.Build.0 = Debug|Any CPU
		{9D718B69-129D-40A0-9737-996C5902A847}.Debug|x86.ActiveCfg = Debug|Any CPU
		{9D718B69-129D-40A0-9737-996C5902A847}.Debug|x86.Build.0 = Debug|Any CPU
		{9D718B69-129D-40A0-9737-996C5902A847}.Release|Any CPU.ActiveCfg = Release|Any CPU
		{9D718B69-129D-40A0-9737-996C5902A847}.Release|Any CPU.Build.0 = Release|Any CPU
		{9D718B69-129D-40A0-9737-996C5902A847}.Release|x64.ActiveCfg = Release|Any CPU
		{9D718B69-129D-40A0-9737-996C5902A847}.Release|x64.Build.0 = Release|Any CPU
		{9D718B69-129D-40A0-9737-996C5902A847}.Release|x86.ActiveCfg = Release|Any CPU
		{9D718B69-129D-40A0-9737-996C5902A847}.Release|x86.Build.0 = Release|Any CPU
		{678BE6B7-23BB-4A85-87FC-2F36DD8BFDD4}.Debug|Any CPU.ActiveCfg = Debug|Any CPU
		{678BE6B7-23BB-4A85-87FC-2F36DD8BFDD4}.Debug|Any CPU.Build.0 = Debug|Any CPU
		{678BE6B7-23BB-4A85-87FC-2F36DD8BFDD4}.Debug|x64.ActiveCfg = Debug|Any CPU
		{678BE6B7-23BB-4A85-87FC-2F36DD8BFDD4}.Debug|x64.Build.0 = Debug|Any CPU
		{678BE6B7-23BB-4A85-87FC-2F36DD8BFDD4}.Debug|x86.ActiveCfg = Debug|Any CPU
		{678BE6B7-23BB-4A85-87FC-2F36DD8BFDD4}.Debug|x86.Build.0 = Debug|Any CPU
		{678BE6B7-23BB-4A85-87FC-2F36DD8BFDD4}.Release|Any CPU.ActiveCfg = Release|Any CPU
		{678BE6B7-23BB-4A85-87FC-2F36DD8BFDD4}.Release|Any CPU.Build.0 = Release|Any CPU
		{678BE6B7-23BB-4A85-87FC-2F36DD8BFDD4}.Release|x64.ActiveCfg = Release|Any CPU
		{678BE6B7-23BB-4A85-87FC-2F36DD8BFDD4}.Release|x64.Build.0 = Release|Any CPU
		{678BE6B7-23BB-4A85-87FC-2F36DD8BFDD4}.Release|x86.ActiveCfg = Release|Any CPU
		{678BE6B7-23BB-4A85-87FC-2F36DD8BFDD4}.Release|x86.Build.0 = Release|Any CPU
	EndGlobalSection
	GlobalSection(SolutionProperties) = preSolution
		HideSolutionNode = FALSE
	EndGlobalSection
	GlobalSection(ExtensibilityGlobals) = postSolution
		SolutionGuid = {251AB16C-ABD0-4CDE-84DB-ED12C3D11456}
	EndGlobalSection
EndGlobal
